
Microsoft Visual Studio Solution File, Format Version 12.00
# Visual Studio Version 16
VisualStudioVersion = 16.0.31624.102
MinimumVisualStudioVersion = 10.0.40219.1
Project("{FAE04EC0-301F-11D3-BF4B-00C04F79EFBC}") = "Ingenieria_Software", "Ingenieria_Software\Ingenieria_Software.csproj", "{427DC089-4A0B-4F48-B717-8ACE525D590A}"
EndProject
Global
	GlobalSection(SolutionConfigurationPlatforms) = preSolution
		Debug|Any CPU = Debug|Any CPU
		Release|Any CPU = Release|Any CPU
	EndGlobalSection
	GlobalSection(ProjectConfigurationPlatforms) = postSolution
		{427DC089-4A0B-4F48-B717-8ACE525D590A}.Debug|Any CPU.ActiveCfg = Debug|Any CPU
		{427DC089-4A0B-4F48-B717-8ACE525D590A}.Debug|Any CPU.Build.0 = Debug|Any CPU
		{427DC089-4A0B-4F48-B717-8ACE525D590A}.Release|Any CPU.ActiveCfg = Release|Any CPU
		{427DC089-4A0B-4F48-B717-8ACE525D590A}.Release|Any CPU.Build.0 = Release|Any CPU
	EndGlobalSection
	GlobalSection(SolutionProperties) = preSolution
		HideSolutionNode = FALSE
	EndGlobalSection
	GlobalSection(ExtensibilityGlobals) = postSolution
		SolutionGuid = {9F36350A-252E-4700-9A99-2CD6394BDB4E}
	EndGlobalSection
EndGlobal
